
Microsoft Visual Studio Solution File, Format Version 12.00
# Visual Studio Version 17
VisualStudioVersion = 17.7.34018.315
MinimumVisualStudioVersion = 10.0.40219.1
Project("{FAE04EC0-301F-11D3-BF4B-00C04F79EFBC}") = "Dbsys", "Dbsys\Dbsys.csproj", "{AABE82E2-89C0-48A4-9ACB-FE2032B49187}"
EndProject
Global
	GlobalSection(SolutionConfigurationPlatforms) = preSolution
		Debug|Any CPU = Debug|Any CPU
		Release|Any CPU = Release|Any CPU
	EndGlobalSection
	GlobalSection(ProjectConfigurationPlatforms) = postSolution
		{AABE82E2-89C0-48A4-9ACB-FE2032B49187}.Debug|Any CPU.ActiveCfg = Debug|Any CPU
		{AABE82E2-89C0-48A4-9ACB-FE2032B49187}.Debug|Any CPU.Build.0 = Debug|Any CPU
		{AABE82E2-89C0-48A4-9ACB-FE2032B49187}.Release|Any CPU.ActiveCfg = Release|Any CPU
		{AABE82E2-89C0-48A4-9ACB-FE2032B49187}.Release|Any CPU.Build.0 = Release|Any CPU
	EndGlobalSection
	GlobalSection(SolutionProperties) = preSolution
		HideSolutionNode = FALSE
	EndGlobalSection
	GlobalSection(ExtensibilityGlobals) = postSolution
		SolutionGuid = {C0D08931-9622-4BF3-A0EC-61C7DEC095D7}
	EndGlobalSection
EndGlobal
